
Microsoft Visual Studio Solution File, Format Version 12.00
# Visual Studio 2012
Project("{FAE04EC0-301F-11D3-BF4B-00C04F79EFBC}") = "vibration", "vibration\vibration.csproj", "{48A47B69-0787-43C3-96C9-BB5B072FECDA}"
EndProject
Global
	GlobalSection(SolutionConfigurationPlatforms) = preSolution
		Debug|Any CPU = Debug|Any CPU
		Release|Any CPU = Release|Any CPU
	EndGlobalSection
	GlobalSection(ProjectConfigurationPlatforms) = postSolution
		{48A47B69-0787-43C3-96C9-BB5B072FECDA}.Debug|Any CPU.ActiveCfg = Debug|Any CPU
		{48A47B69-0787-43C3-96C9-BB5B072FECDA}.Debug|Any CPU.Build.0 = Debug|Any CPU
		{48A47B69-0787-43C3-96C9-BB5B072FECDA}.Release|Any CPU.ActiveCfg = Release|Any CPU
		{48A47B69-0787-43C3-96C9-BB5B072FECDA}.Release|Any CPU.Build.0 = Release|Any CPU
	EndGlobalSection
	GlobalSection(SolutionProperties) = preSolution
		HideSolutionNode = FALSE
	EndGlobalSection
EndGlobal
